// !$*UTF8*$!
{
	archiveVersion = 1;
	classes = {
	};
	objectVersion = 50;
	objects = {

/* Begin PBXBuildFile section */
		3BB4C81C2398AC2100A0BBFC /* AppDelegate.swift in Sources */ = {isa = PBXBuildFile; fileRef = 3BB4C81B2398AC2100A0BBFC /* AppDelegate.swift */; };
		3BB4C81E2398AC2100A0BBFC /* SceneDelegate.swift in Sources */ = {isa = PBXBuildFile; fileRef = 3BB4C81D2398AC2100A0BBFC /* SceneDelegate.swift */; };
		3BB4C8202398AC2100A0BBFC /* ViewController.swift in Sources */ = {isa = PBXBuildFile; fileRef = 3BB4C81F2398AC2100A0BBFC /* ViewController.swift */; };
		3BB4C8232398AC2100A0BBFC /* Main.storyboard in Resources */ = {isa = PBXBuildFile; fileRef = 3BB4C8212398AC2100A0BBFC /* Main.storyboard */; };
		3BB4C8252398AC2400A0BBFC /* Assets.xcassets in Resources */ = {isa = PBXBuildFile; fileRef = 3BB4C8242398AC2400A0BBFC /* Assets.xcassets */; };
		3BB4C8282398AC2400A0BBFC /* LaunchScreen.storyboard in Resources */ = {isa = PBXBuildFile; fileRef = 3BB4C8262398AC2400A0BBFC /* LaunchScreen.storyboard */; };
		3BB4C8332398AC2400A0BBFC /* TravisTestTests.swift in Sources */ = {isa = PBXBuildFile; fileRef = 3BB4C8322398AC2400A0BBFC /* TravisTestTests.swift */; };
		3BB4C83E2398AC2400A0BBFC /* TravisTestUITests.swift in Sources */ = {isa = PBXBuildFile; fileRef = 3BB4C83D2398AC2400A0BBFC /* TravisTestUITests.swift */; };
/* End PBXBuildFile section */

/* Begin PBXContainerItemProxy section */
		3BB4C82F2398AC2400A0BBFC /* PBXContainerItemProxy */ = {
			isa = PBXContainerItemProxy;
			containerPortal = 3BB4C8102398AC2100A0BBFC /* Project object */;
			proxyType = 1;
			remoteGlobalIDString = 3BB4C8172398AC2100A0BBFC;
			remoteInfo = TravisTest;
		};
		3BB4C83A2398AC2400A0BBFC /* PBXContainerItemProxy */ = {
			isa = PBXContainerItemProxy;
			containerPortal = 3BB4C8102398AC2100A0BBFC /* Project object */;
			proxyType = 1;
			remoteGlobalIDString = 3BB4C8172398AC2100A0BBFC;
			remoteInfo = TravisTest;
		};
/* End PBXContainerItemProxy section */

/* Begin PBXFileReference section */
		3BB4C8182398AC2100A0BBFC /* TravisTest.app */ = {isa = PBXFileReference; explicitFileType = wrapper.application; includeInIndex = 0; path = TravisTest.app; sourceTree = BUILT_PRODUCTS_DIR; };
		3BB4C81B2398AC2100A0BBFC /* AppDelegate.swift */ = {isa = PBXFileReference; lastKnownFileType = sourcecode.swift; path = AppDelegate.swift; sourceTree = "<group>"; };
		3BB4C81D2398AC2100A0BBFC /* SceneDelegate.swift */ = {isa = PBXFileReference; lastKnownFileType = sourcecode.swift; path = SceneDelegate.swift; sourceTree = "<group>"; };
		3BB4C81F2398AC2100A0BBFC /* ViewController.swift */ = {isa = PBXFileReference; lastKnownFileType = sourcecode.swift; path = ViewController.swift; sourceTree = "<group>"; };
		3BB4C8222398AC2100A0BBFC /* Base */ = {isa = PBXFileReference; lastKnownFileType = file.storyboard; name = Base; path = Base.lproj/Main.storyboard; sourceTree = "<group>"; };
		3BB4C8242398AC2400A0BBFC /* Assets.xcassets */ = {isa = PBXFileReference; lastKnownFileType = folder.assetcatalog; path = Assets.xcassets; sourceTree = "<group>"; };
		3BB4C8272398AC2400A0BBFC /* Base */ = {isa = PBXFileReference; lastKnownFileType = file.storyboard; name = Base; path = Base.lproj/LaunchScreen.storyboard; sourceTree = "<group>"; };
		3BB4C8292398AC2400A0BBFC /* Info.plist */ = {isa = PBXFileReference; lastKnownFileType = text.plist.xml; path = Info.plist; sourceTree = "<group>"; };
		3BB4C82E2398AC2400A0BBFC /* TravisTestTests.xctest */ = {isa = PBXFileReference; explicitFileType = wrapper.cfbundle; includeInIndex = 0; path = TravisTestTests.xctest; sourceTree = BUILT_PRODUCTS_DIR; };
		3BB4C8322398AC2400A0BBFC /* TravisTestTests.swift */ = {isa = PBXFileReference; lastKnownFileType = sourcecode.swift; path = TravisTestTests.swift; sourceTree = "<group>"; };
		3BB4C8342398AC2400A0BBFC /* Info.plist */ = {isa = PBXFileReference; lastKnownFileType = text.plist.xml; path = Info.plist; sourceTree = "<group>"; };
		3BB4C8392398AC2400A0BBFC /* TravisTestUITests.xctest */ = {isa = PBXFileReference; explicitFileType = wrapper.cfbundle; includeInIndex = 0; path = TravisTestUITests.xctest; sourceTree = BUILT_PRODUCTS_DIR; };
		3BB4C83D2398AC2400A0BBFC /* TravisTestUITests.swift */ = {isa = PBXFileReference; lastKnownFileType = sourcecode.swift; path = TravisTestUITests.swift; sourceTree = "<group>"; };
		3BB4C83F2398AC2400A0BBFC /* Info.plist */ = {isa = PBXFileReference; lastKnownFileType = text.plist.xml; path = Info.plist; sourceTree = "<group>"; };
/* End PBXFileReference section */

/* Begin PBXFrameworksBuildPhase section */
		3BB4C8152398AC2100A0BBFC /* Frameworks */ = {
			isa = PBXFrameworksBuildPhase;
			buildActionMask = 2147483647;
			files = (
			);
			runOnlyForDeploymentPostprocessing = 0;
		};
		3BB4C82B2398AC2400A0BBFC /* Frameworks */ = {
			isa = PBXFrameworksBuildPhase;
			buildActionMask = 2147483647;
			files = (
			);
			runOnlyForDeploymentPostprocessing = 0;
		};
		3BB4C8362398AC2400A0BBFC /* Frameworks */ = {
			isa = PBXFrameworksBuildPhase;
			buildActionMask = 2147483647;
			files = (
			);
			runOnlyForDeploymentPostprocessing = 0;
		};
/* End PBXFrameworksBuildPhase section */

/* Begin PBXGroup section */
		3BB4C80F2398AC2100A0BBFC = {
			isa = PBXGroup;
			children = (
				3BB4C81A2398AC2100A0BBFC /* TravisTest */,
				3BB4C8312398AC2400A0BBFC /* TravisTestTests */,
				3BB4C83C2398AC2400A0BBFC /* TravisTestUITests */,
				3BB4C8192398AC2100A0BBFC /* Products */,
			);
			sourceTree = "<group>";
		};
		3BB4C8192398AC2100A0BBFC /* Products */ = {
			isa = PBXGroup;
			children = (
				3BB4C8182398AC2100A0BBFC /* TravisTest.app */,
				3BB4C82E2398AC2400A0BBFC /* TravisTestTests.xctest */,
				3BB4C8392398AC2400A0BBFC /* TravisTestUITests.xctest */,
			);
			name = Products;
			sourceTree = "<group>";
		};
		3BB4C81A2398AC2100A0BBFC /* TravisTest */ = {
			isa = PBXGroup;
			children = (
				3BB4C81B2398AC2100A0BBFC /* AppDelegate.swift */,
				3BB4C81D2398AC2100A0BBFC /* SceneDelegate.swift */,
				3BB4C81F2398AC2100A0BBFC /* ViewController.swift */,
				3BB4C8212398AC2100A0BBFC /* Main.storyboard */,
				3BB4C8242398AC2400A0BBFC /* Assets.xcassets */,
				3BB4C8262398AC2400A0BBFC /* LaunchScreen.storyboard */,
				3BB4C8292398AC2400A0BBFC /* Info.plist */,
			);
			path = TravisTest;
			sourceTree = "<group>";
		};
		3BB4C8312398AC2400A0BBFC /* TravisTestTests */ = {
			isa = PBXGroup;
			children = (
				3BB4C8322398AC2400A0BBFC /* TravisTestTests.swift */,
				3BB4C8342398AC2400A0BBFC /* Info.plist */,
			);
			path = TravisTestTests;
			sourceTree = "<group>";
		};
		3BB4C83C2398AC2400A0BBFC /* TravisTestUITests */ = {
			isa = PBXGroup;
			children = (
				3BB4C83D2398AC2400A0BBFC /* TravisTestUITests.swift */,
				3BB4C83F2398AC2400A0BBFC /* Info.plist */,
			);
			path = TravisTestUITests;
			sourceTree = "<group>";
		};
/* End PBXGroup section */

/* Begin PBXNativeTarget section */
		3BB4C8172398AC2100A0BBFC /* TravisTest */ = {
			isa = PBXNativeTarget;
			buildConfigurationList = 3BB4C8422398AC2400A0BBFC /* Build configuration list for PBXNativeTarget "TravisTest" */;
			buildPhases = (
				3BB4C8142398AC2100A0BBFC /* Sources */,
				3BB4C8152398AC2100A0BBFC /* Frameworks */,
				3BB4C8162398AC2100A0BBFC /* Resources */,
			);
			buildRules = (
			);
			dependencies = (
			);
			name = TravisTest;
			productName = TravisTest;
			productReference = 3BB4C8182398AC2100A0BBFC /* TravisTest.app */;
			productType = "com.apple.product-type.application";
		};
		3BB4C82D2398AC2400A0BBFC /* TravisTestTests */ = {
			isa = PBXNativeTarget;
			buildConfigurationList = 3BB4C8452398AC2400A0BBFC /* Build configuration list for PBXNativeTarget "TravisTestTests" */;
			buildPhases = (
				3BB4C82A2398AC2400A0BBFC /* Sources */,
				3BB4C82B2398AC2400A0BBFC /* Frameworks */,
				3BB4C82C2398AC2400A0BBFC /* Resources */,
			);
			buildRules = (
			);
			dependencies = (
				3BB4C8302398AC2400A0BBFC /* PBXTargetDependency */,
			);
			name = TravisTestTests;
			productName = TravisTestTests;
			productReference = 3BB4C82E2398AC2400A0BBFC /* TravisTestTests.xctest */;
			productType = "com.apple.product-type.bundle.unit-test";
		};
		3BB4C8382398AC2400A0BBFC /* TravisTestUITests */ = {
			isa = PBXNativeTarget;
			buildConfigurationList = 3BB4C8482398AC2400A0BBFC /* Build configuration list for PBXNativeTarget "TravisTestUITests" */;
			buildPhases = (
				3BB4C8352398AC2400A0BBFC /* Sources */,
				3BB4C8362398AC2400A0BBFC /* Frameworks */,
				3BB4C8372398AC2400A0BBFC /* Resources */,
			);
			buildRules = (
			);
			dependencies = (
				3BB4C83B2398AC2400A0BBFC /* PBXTargetDependency */,
			);
			name = TravisTestUITests;
			productName = TravisTestUITests;
			productReference = 3BB4C8392398AC2400A0BBFC /* TravisTestUITests.xctest */;
			productType = "com.apple.product-type.bundle.ui-testing";
		};
/* End PBXNativeTarget section */

/* Begin PBXProject section */
		3BB4C8102398AC2100A0BBFC /* Project object */ = {
			isa = PBXProject;
			attributes = {
				LastSwiftUpdateCheck = 1100;
				LastUpgradeCheck = 1100;
				ORGANIZATIONNAME = zsy;
				TargetAttributes = {
					3BB4C8172398AC2100A0BBFC = {
						CreatedOnToolsVersion = 11.0;
					};
					3BB4C82D2398AC2400A0BBFC = {
						CreatedOnToolsVersion = 11.0;
						TestTargetID = 3BB4C8172398AC2100A0BBFC;
					};
					3BB4C8382398AC2400A0BBFC = {
						CreatedOnToolsVersion = 11.0;
						TestTargetID = 3BB4C8172398AC2100A0BBFC;
					};
				};
			};
			buildConfigurationList = 3BB4C8132398AC2100A0BBFC /* Build configuration list for PBXProject "TravisTest" */;
			compatibilityVersion = "Xcode 9.3";
			developmentRegion = en;
			hasScannedForEncodings = 0;
			knownRegions = (
				en,
				Base,
			);
			mainGroup = 3BB4C80F2398AC2100A0BBFC;
			productRefGroup = 3BB4C8192398AC2100A0BBFC /* Products */;
			projectDirPath = "";
			projectRoot = "";
			targets = (
				3BB4C8172398AC2100A0BBFC /* TravisTest */,
				3BB4C82D2398AC2400A0BBFC /* TravisTestTests */,
				3BB4C8382398AC2400A0BBFC /* TravisTestUITests */,
			);
		};
/* End PBXProject section */

/* Begin PBXResourcesBuildPhase section */
		3BB4C8162398AC2100A0BBFC /* Resources */ = {
			isa = PBXResourcesBuildPhase;
			buildActionMask = 2147483647;
			files = (
				3BB4C8282398AC2400A0BBFC /* LaunchScreen.storyboard in Resources */,
				3BB4C8252398AC2400A0BBFC /* Assets.xcassets in Resources */,
				3BB4C8232398AC2100A0BBFC /* Main.storyboard in Resources */,
			);
			runOnlyForDeploymentPostprocessing = 0;
		};
		3BB4C82C2398AC2400A0BBFC /* Resources */ = {
			isa = PBXResourcesBuildPhase;
			buildActionMask = 2147483647;
			files = (
			);
			runOnlyForDeploymentPostprocessing = 0;
		};
		3BB4C8372398AC2400A0BBFC /* Resources */ = {
			isa = PBXResourcesBuildPhase;
			buildActionMask = 2147483647;
			files = (
			);
			runOnlyForDeploymentPostprocessing = 0;
		};
/* End PBXResourcesBuildPhase section */

/* Begin PBXSourcesBuildPhase section */
		3BB4C8142398AC2100A0BBFC /* Sources */ = {
			isa = PBXSourcesBuildPhase;
			buildActionMask = 2147483647;
			files = (
				3BB4C8202398AC2100A0BBFC /* ViewController.swift in Sources */,
				3BB4C81C2398AC2100A0BBFC /* AppDelegate.swift in Sources */,
				3BB4C81E2398AC2100A0BBFC /* SceneDelegate.swift in Sources */,
			);
			runOnlyForDeploymentPostprocessing = 0;
		};
		3BB4C82A2398AC2400A0BBFC /* Sources */ = {
			isa = PBXSourcesBuildPhase;
			buildActionMask = 2147483647;
			files = (
				3BB4C8332398AC2400A0BBFC /* TravisTestTests.swift in Sources */,
			);
			runOnlyForDeploymentPostprocessing = 0;
		};
		3BB4C8352398AC2400A0BBFC /* Sources */ = {
			isa = PBXSourcesBuildPhase;
			buildActionMask = 2147483647;
			files = (
				3BB4C83E2398AC2400A0BBFC /* TravisTestUITests.swift in Sources */,
			);
			runOnlyForDeploymentPostprocessing = 0;
		};
/* End PBXSourcesBuildPhase section */

/* Begin PBXTargetDependency section */
		3BB4C8302398AC2400A0BBFC /* PBXTargetDependency */ = {
			isa = PBXTargetDependency;
			target = 3BB4C8172398AC2100A0BBFC /* TravisTest */;
			targetProxy = 3BB4C82F2398AC2400A0BBFC /* PBXContainerItemProxy */;
		};
		3BB4C83B2398AC2400A0BBFC /* PBXTargetDependency */ = {
			isa = PBXTargetDependency;
			target = 3BB4C8172398AC2100A0BBFC /* TravisTest */;
			targetProxy = 3BB4C83A2398AC2400A0BBFC /* PBXContainerItemProxy */;
		};
/* End PBXTargetDependency section */

/* Begin PBXVariantGroup section */
		3BB4C8212398AC2100A0BBFC /* Main.storyboard */ = {
			isa = PBXVariantGroup;
			children = (
				3BB4C8222398AC2100A0BBFC /* Base */,
			);
			name = Main.storyboard;
			sourceTree = "<group>";
		};
		3BB4C8262398AC2400A0BBFC /* LaunchScreen.storyboard */ = {
			isa = PBXVariantGroup;
			children = (
				3BB4C8272398AC2400A0BBFC /* Base */,
			);
			name = LaunchScreen.storyboard;
			sourceTree = "<group>";
		};
/* End PBXVariantGroup section */

/* Begin XCBuildConfiguration section */
		3BB4C8402398AC2400A0BBFC /* Debug */ = {
			isa = XCBuildConfiguration;
			buildSettings = {
				ALWAYS_SEARCH_USER_PATHS = NO;
				CLANG_ANALYZER_NONNULL = YES;
				CLANG_ANALYZER_NUMBER_OBJECT_CONVERSION = YES_AGGRESSIVE;
				CLANG_CXX_LANGUAGE_STANDARD = "gnu++14";
				CLANG_CXX_LIBRARY = "libc++";
				CLANG_ENABLE_MODULES = YES;
				CLANG_ENABLE_OBJC_ARC = YES;
				CLANG_ENABLE_OBJC_WEAK = YES;
				CLANG_WARN_BLOCK_CAPTURE_AUTORELEASING = YES;
				CLANG_WARN_BOOL_CONVERSION = YES;
				CLANG_WARN_COMMA = YES;
				CLANG_WARN_CONSTANT_CONVERSION = YES;
				CLANG_WARN_DEPRECATED_OBJC_IMPLEMENTATIONS = YES;
				CLANG_WARN_DIRECT_OBJC_ISA_USAGE = YES_ERROR;
				CLANG_WARN_DOCUMENTATION_COMMENTS = YES;
				CLANG_WARN_EMPTY_BODY = YES;
				CLANG_WARN_ENUM_CONVERSION = YES;
				CLANG_WARN_INFINITE_RECURSION = YES;
				CLANG_WARN_INT_CONVERSION = YES;
				CLANG_WARN_NON_LITERAL_NULL_CONVERSION = YES;
				CLANG_WARN_OBJC_IMPLICIT_RETAIN_SELF = YES;
				CLANG_WARN_OBJC_LITERAL_CONVERSION = YES;
				CLANG_WARN_OBJC_ROOT_CLASS = YES_ERROR;
				CLANG_WARN_RANGE_LOOP_ANALYSIS = YES;
				CLANG_WARN_STRICT_PROTOTYPES = YES;
				CLANG_WARN_SUSPICIOUS_MOVE = YES;
				CLANG_WARN_UNGUARDED_AVAILABILITY = YES_AGGRESSIVE;
				CLANG_WARN_UNREACHABLE_CODE = YES;
				CLANG_WARN__DUPLICATE_METHOD_MATCH = YES;
				COPY_PHASE_STRIP = NO;
				DEBUG_INFORMATION_FORMAT = dwarf;
				ENABLE_STRICT_OBJC_MSGSEND = YES;
				ENABLE_TESTABILITY = YES;
				GCC_C_LANGUAGE_STANDARD = gnu11;
				GCC_DYNAMIC_NO_PIC = NO;
				GCC_NO_COMMON_BLOCKS = YES;
				GCC_OPTIMIZATION_LEVEL = 0;
				GCC_PREPROCESSOR_DEFINITIONS = (
					"DEBUG=1",
					"$(inherited)",
				);
				GCC_WARN_64_TO_32_BIT_CONVERSION = YES;
				GCC_WARN_ABOUT_RETURN_TYPE = YES_ERROR;
				GCC_WARN_UNDECLARED_SELECTOR = YES;
				GCC_WARN_UNINITIALIZED_AUTOS = YES_AGGRESSIVE;
				GCC_WARN_UNUSED_FUNCTION = YES;
				GCC_WARN_UNUSED_VARIABLE = YES;
				IPHONEOS_DEPLOYMENT_TARGET = 13.0;
				MTL_ENABLE_DEBUG_INFO = INCLUDE_SOURCE;
				MTL_FAST_MATH = YES;
				ONLY_ACTIVE_ARCH = YES;
				SDKROOT = iphoneos;
				SWIFT_ACTIVE_COMPILATION_CONDITIONS = DEBUG;
				SWIFT_OPTIMIZATION_LEVEL = "-Onone";
			};
			name = Debug;
		};
		3BB4C8412398AC2400A0BBFC /* Release */ = {
			isa = XCBuildConfiguration;
			buildSettings = {
				ALWAYS_SEARCH_USER_PATHS = NO;
				CLANG_ANALYZER_NONNULL = YES;
				CLANG_ANALYZER_NUMBER_OBJECT_CONVERSION = YES_AGGRESSIVE;
				CLANG_CXX_LANGUAGE_STANDARD = "gnu++14";
				CLANG_CXX_LIBRARY = "libc++";
				CLANG_ENABLE_MODULES = YES;
				CLANG_ENABLE_OBJC_ARC = YES;
				CLANG_ENABLE_OBJC_WEAK = YES;
				CLANG_WARN_BLOCK_CAPTURE_AUTORELEASING = YES;
				CLANG_WARN_BOOL_CONVERSION = YES;
				CLANG_WARN_COMMA = YES;
				CLANG_WARN_CONSTANT_CONVERSION = YES;
				CLANG_WARN_DEPRECATED_OBJC_IMPLEMENTATIONS = YES;
				CLANG_WARN_DIRECT_OBJC_ISA_USAGE = YES_ERROR;
				CLANG_WARN_DOCUMENTATION_COMMENTS = YES;
				CLANG_WARN_EMPTY_BODY = YES;
				CLANG_WARN_ENUM_CONVERSION = YES;
				CLANG_WARN_INFINITE_RECURSION = YES;
				CLANG_WARN_INT_CONVERSION = YES;
				CLANG_WARN_NON_LITERAL_NULL_CONVERSION = YES;
				CLANG_WARN_OBJC_IMPLICIT_RETAIN_SELF = YES;
				CLANG_WARN_OBJC_LITERAL_CONVERSION = YES;
				CLANG_WARN_OBJC_ROOT_CLASS = YES_ERROR;
				CLANG_WARN_RANGE_LOOP_ANALYSIS = YES;
				CLANG_WARN_STRICT_PROTOTYPES = YES;
				CLANG_WARN_SUSPICIOUS_MOVE = YES;
				CLANG_WARN_UNGUARDED_AVAILABILITY = YES_AGGRESSIVE;
				CLANG_WARN_UNREACHABLE_CODE = YES;
				CLANG_WARN__DUPLICATE_METHOD_MATCH = YES;
				COPY_PHASE_STRIP = NO;
				DEBUG_INFORMATION_FORMAT = "dwarf-with-dsym";
				ENABLE_NS_ASSERTIONS = NO;
				ENABLE_STRICT_OBJC_MSGSEND = YES;
				GCC_C_LANGUAGE_STANDARD = gnu11;
				GCC_NO_COMMON_BLOCKS = YES;
				GCC_WARN_64_TO_32_BIT_CONVERSION = YES;
				GCC_WARN_ABOUT_RETURN_TYPE = YES_ERROR;
				GCC_WARN_UNDECLARED_SELECTOR = YES;
				GCC_WARN_UNINITIALIZED_AUTOS = YES_AGGRESSIVE;
				GCC_WARN_UNUSED_FUNCTION = YES;
				GCC_WARN_UNUSED_VARIABLE = YES;
				IPHONEOS_DEPLOYMENT_TARGET = 13.0;
				MTL_ENABLE_DEBUG_INFO = NO;
				MTL_FAST_MATH = YES;
				SDKROOT = iphoneos;
				SWIFT_COMPILATION_MODE = wholemodule;
				SWIFT_OPTIMIZATION_LEVEL = "-O";
				VALIDATE_PRODUCT = YES;
			};
			name = Release;
		};
		3BB4C8432398AC2400A0BBFC /* Debug */ = {
			isa = XCBuildConfiguration;
			buildSettings = {
				ASSETCATALOG_COMPILER_APPICON_NAME = AppIcon;
				CODE_SIGN_STYLE = Automatic;
				DEVELOPMENT_TEAM = 5B974QYD5M;
				INFOPLIST_FILE = TravisTest/Info.plist;
				LD_RUNPATH_SEARCH_PATHS = (
					"$(inherited)",
					"@executable_path/Frameworks",
				);
				PRODUCT_BUNDLE_IDENTIFIER = com.zsy.travistest;
				PRODUCT_NAME = "$(TARGET_NAME)";
				SWIFT_VERSION = 5.0;
				TARGETED_DEVICE_FAMILY = "1,2";
			};
			name = Debug;
		};
		3BB4C8442398AC2400A0BBFC /* Release */ = {
			isa = XCBuildConfiguration;
			buildSettings = {
				ASSETCATALOG_COMPILER_APPICON_NAME = AppIcon;
				CODE_SIGN_STYLE = Automatic;
				DEVELOPMENT_TEAM = 5B974QYD5M;
				INFOPLIST_FILE = TravisTest/Info.plist;
				LD_RUNPATH_SEARCH_PATHS = (
					"$(inherited)",
					"@executable_path/Frameworks",
				);
				PRODUCT_BUNDLE_IDENTIFIER = com.zsy.travistest;
				PRODUCT_NAME = "$(TARGET_NAME)";
				SWIFT_VERSION = 5.0;
				TARGETED_DEVICE_FAMILY = "1,2";
			};
			name = Release;
		};
		3BB4C8462398AC2400A0BBFC /* Debug */ = {
			isa = XCBuildConfiguration;
			buildSettings = {
				ALWAYS_EMBED_SWIFT_STANDARD_LIBRARIES = YES;
				BUNDLE_LOADER = "$(TEST_HOST)";
				CODE_SIGN_STYLE = Automatic;
				DEVELOPMENT_TEAM = 5B974QYD5M;
				INFOPLIST_FILE = TravisTestTests/Info.plist;
				IPHONEOS_DEPLOYMENT_TARGET = 13.0;
				LD_RUNPATH_SEARCH_PATHS = (
					"$(inherited)",
					"@executable_path/Frameworks",
					"@loader_path/Frameworks",
				);
				PRODUCT_BUNDLE_IDENTIFIER = Zsy.TravisTestTests;
				PRODUCT_NAME = "$(TARGET_NAME)";
				SWIFT_VERSION = 5.0;
				TARGETED_DEVICE_FAMILY = "1,2";
				TEST_HOST = "$(BUILT_PRODUCTS_DIR)/TravisTest.app/TravisTest";
			};
			name = Debug;
		};
		3BB4C8472398AC2400A0BBFC /* Release */ = {
			isa = XCBuildConfiguration;
			buildSettings = {
				ALWAYS_EMBED_SWIFT_STANDARD_LIBRARIES = YES;
				BUNDLE_LOADER = "$(TEST_HOST)";
				CODE_SIGN_STYLE = Automatic;
				DEVELOPMENT_TEAM = 5B974QYD5M;
				INFOPLIST_FILE = TravisTestTests/Info.plist;
				IPHONEOS_DEPLOYMENT_TARGET = 13.0;
				LD_RUNPATH_SEARCH_PATHS = (
					"$(inherited)",
					"@executable_path/Frameworks",
					"@loader_path/Frameworks",
				);
				PRODUCT_BUNDLE_IDENTIFIER = Zsy.TravisTestTests;
				PRODUCT_NAME = "$(TARGET_NAME)";
				SWIFT_VERSION = 5.0;
				TARGETED_DEVICE_FAMILY = "1,2";
				TEST_HOST = "$(BUILT_PRODUCTS_DIR)/TravisTest.app/TravisTest";
			};
			name = Release;
		};
		3BB4C8492398AC2400A0BBFC /* Debug */ = {
			isa = XCBuildConfiguration;
			buildSettings = {
				ALWAYS_EMBED_SWIFT_STANDARD_LIBRARIES = YES;
				CODE_SIGN_STYLE = Automatic;
				DEVELOPMENT_TEAM = 5B974QYD5M;
				INFOPLIST_FILE = TravisTestUITests/Info.plist;
				LD_RUNPATH_SEARCH_PATHS = (
					"$(inherited)",
					"@executable_path/Frameworks",
					"@loader_path/Frameworks",
				);
				PRODUCT_BUNDLE_IDENTIFIER = Zsy.TravisTestUITests;
				PRODUCT_NAME = "$(TARGET_NAME)";
				SWIFT_VERSION = 5.0;
				TARGETED_DEVICE_FAMILY = "1,2";
				TEST_TARGET_NAME = TravisTest;
			};
			name = Debug;
		};
		3BB4C84A2398AC2400A0BBFC /* Release */ = {
			isa = XCBuildConfiguration;
			buildSettings = {
				ALWAYS_EMBED_SWIFT_STANDARD_LIBRARIES = YES;
				CODE_SIGN_STYLE = Automatic;
				DEVELOPMENT_TEAM = 5B974QYD5M;
				INFOPLIST_FILE = TravisTestUITests/Info.plist;
				LD_RUNPATH_SEARCH_PATHS = (
					"$(inherited)",
					"@executable_path/Frameworks",
					"@loader_path/Frameworks",
				);
				PRODUCT_BUNDLE_IDENTIFIER = Zsy.TravisTestUITests;
				PRODUCT_NAME = "$(TARGET_NAME)";
				SWIFT_VERSION = 5.0;
				TARGETED_DEVICE_FAMILY = "1,2";
				TEST_TARGET_NAME = TravisTest;
			};
			name = Release;
		};
/* End XCBuildConfiguration section */

/* Begin XCConfigurationList section */
		3BB4C8132398AC2100A0BBFC /* Build configuration list for PBXProject "TravisTest" */ = {
			isa = XCConfigurationList;
			buildConfigurations = (
				3BB4C8402398AC2400A0BBFC /* Debug */,
				3BB4C8412398AC2400A0BBFC /* Release */,
			);
			defaultConfigurationIsVisible = 0;
			defaultConfigurationName = Release;
		};
		3BB4C8422398AC2400A0BBFC /* Build configuration list for PBXNativeTarget "TravisTest" */ = {
			isa = XCConfigurationList;
			buildConfigurations = (
				3BB4C8432398AC2400A0BBFC /* Debug */,
				3BB4C8442398AC2400A0BBFC /* Release */,
			);
			defaultConfigurationIsVisible = 0;
			defaultConfigurationName = Release;
		};
		3BB4C8452398AC2400A0BBFC /* Build configuration list for PBXNativeTarget "TravisTestTests" */ = {
			isa = XCConfigurationList;
			buildConfigurations = (
				3BB4C8462398AC2400A0BBFC /* Debug */,
				3BB4C8472398AC2400A0BBFC /* Release */,
			);
			defaultConfigurationIsVisible = 0;
			defaultConfigurationName = Release;
		};
		3BB4C8482398AC2400A0BBFC /* Build configuration list for PBXNativeTarget "TravisTestUITests" */ = {
			isa = XCConfigurationList;
			buildConfigurations = (
				3BB4C8492398AC2400A0BBFC /* Debug */,
				3BB4C84A2398AC2400A0BBFC /* Release */,
			);
			defaultConfigurationIsVisible = 0;
			defaultConfigurationName = Release;
		};
/* End XCConfigurationList section */
	};
	rootObject = 3BB4C8102398AC2100A0BBFC /* Project object */;
}
